
Microsoft Visual Studio Solution File, Format Version 12.00
# Visual Studio Version 17
VisualStudioVersion = 17.0.31903.59
MinimumVisualStudioVersion = 10.0.40219.1
Project("{2150E333-8FDC-42A3-9474-1A3956D46DE8}") = "src", "src", "{689EEB9F-67D7-405B-A3A2-608EA6D076DF}"
EndProject
Project("{FAE04EC0-301F-11D3-BF4B-00C04F79EFBC}") = "VSCodeSignals.Api", "src\VSCodeSignals.Api\VSCodeSignals.Api.csproj", "{50CEF52A-5E61-45ED-9ED3-AFB00A662D1B}"
EndProject
Global
	GlobalSection(SolutionConfigurationPlatforms) = preSolution
		Debug|Any CPU = Debug|Any CPU
		Release|Any CPU = Release|Any CPU
	EndGlobalSection
	GlobalSection(SolutionProperties) = preSolution
		HideSolutionNode = FALSE
	EndGlobalSection
	GlobalSection(ProjectConfigurationPlatforms) = postSolution
		{50CEF52A-5E61-45ED-9ED3-AFB00A662D1B}.Debug|Any CPU.ActiveCfg = Debug|Any CPU
		{50CEF52A-5E61-45ED-9ED3-AFB00A662D1B}.Debug|Any CPU.Build.0 = Debug|Any CPU
		{50CEF52A-5E61-45ED-9ED3-AFB00A662D1B}.Release|Any CPU.ActiveCfg = Release|Any CPU
		{50CEF52A-5E61-45ED-9ED3-AFB00A662D1B}.Release|Any CPU.Build.0 = Release|Any CPU
	EndGlobalSection
	GlobalSection(NestedProjects) = preSolution
		{50CEF52A-5E61-45ED-9ED3-AFB00A662D1B} = {689EEB9F-67D7-405B-A3A2-608EA6D076DF}
	EndGlobalSection
EndGlobal
